
Microsoft Visual Studio Solution File, Format Version 12.00
# Visual Studio Version 17
VisualStudioVersion = 17.4.33122.133
MinimumVisualStudioVersion = 10.0.40219.1
Project("{FAE04EC0-301F-11D3-BF4B-00C04F79EFBC}") = "Fcl.Utility", "Fcl.Utility\Fcl.Utility.csproj", "{9967FFE1-018F-4C73-9C39-5CA3B7B97817}"
EndProject
Global
	GlobalSection(SolutionConfigurationPlatforms) = preSolution
		Debug|Any CPU = Debug|Any CPU
		Release|Any CPU = Release|Any CPU
	EndGlobalSection
	GlobalSection(ProjectConfigurationPlatforms) = postSolution
		{9967FFE1-018F-4C73-9C39-5CA3B7B97817}.Debug|Any CPU.ActiveCfg = Debug|Any CPU
		{9967FFE1-018F-4C73-9C39-5CA3B7B97817}.Debug|Any CPU.Build.0 = Debug|Any CPU
		{9967FFE1-018F-4C73-9C39-5CA3B7B97817}.Release|Any CPU.ActiveCfg = Release|Any CPU
		{9967FFE1-018F-4C73-9C39-5CA3B7B97817}.Release|Any CPU.Build.0 = Release|Any CPU
	EndGlobalSection
	GlobalSection(SolutionProperties) = preSolution
		HideSolutionNode = FALSE
	EndGlobalSection
	GlobalSection(ExtensibilityGlobals) = postSolution
		SolutionGuid = {1B85445B-C108-4B4A-96FF-D4BB7F15CB95}
	EndGlobalSection
EndGlobal
